lockfile_version: '1'
generated_at: '2026-04-26T01:40:27.865096+00:00'
apm_version: 0.9.2
dependencies:
- repo_url: github/awesome-copilot
  host: github.com
  resolved_commit: 63d08d51f792d53feec8c1c06897cee870e83c18
  resolved_ref: 63d08d51
  virtual_path: plugins/context-engineering
  is_virtual: true
  package_type: apm_package
  deployed_files:
  - .claude/agents/context-architect.md
  - .claude/skills/context-map
  - .claude/skills/refactor-plan
  - .claude/skills/what-context-needed
  - .github/agents/context-architect.agent.md
  - .github/skills/context-map
  - .github/skills/refactor-plan
  - .github/skills/what-context-needed
  deployed_file_hashes:
    .claude/agents/context-architect.md: sha256:e4fdb79550b685c2397ab43bd6eda2f491f73a23000665e462dab85a51d49938
    .github/agents/context-architect.agent.md: sha256:e4fdb79550b685c2397ab43bd6eda2f491f73a23000665e462dab85a51d49938
  content_hash: sha256:4168fe13609cf1da57d72fa726e43ecdef15e96b8d26e1a22ff27d406c1e330f
- repo_url: github/awesome-copilot
  host: github.com
  resolved_commit: 63d08d51f792d53feec8c1c06897cee870e83c18
  virtual_path: plugins/security-best-practices
  is_virtual: true
  package_type: apm_package
  deployed_files:
  - .claude/skills/ai-prompt-engineering-safety-review
  - .github/skills/ai-prompt-engineering-safety-review
  content_hash: sha256:5ccdefa2e0f92ed05ef7180df7b29a3213683e77006d08f4f781d7552cde722e
  discovered_via: awesome-copilot
  marketplace_plugin_name: security-best-practices
- repo_url: github/awesome-copilot
  host: github.com
  resolved_commit: 63d08d51f792d53feec8c1c06897cee870e83c18
  virtual_path: plugins/software-engineering-team
  is_virtual: true
  package_type: apm_package
  deployed_files:
  - .claude/agents/se-gitops-ci-specialist.md
  - .claude/agents/se-product-manager-advisor.md
  - .claude/agents/se-responsible-ai-code.md
  - .claude/agents/se-security-reviewer.md
  - .claude/agents/se-system-architecture-reviewer.md
  - .claude/agents/se-technical-writer.md
  - .claude/agents/se-ux-ui-designer.md
  - .github/agents/se-gitops-ci-specialist.agent.md
  - .github/agents/se-product-manager-advisor.agent.md
  - .github/agents/se-responsible-ai-code.agent.md
  - .github/agents/se-security-reviewer.agent.md
  - .github/agents/se-system-architecture-reviewer.agent.md
  - .github/agents/se-technical-writer.agent.md
  - .github/agents/se-ux-ui-designer.agent.md
  deployed_file_hashes:
    .claude/agents/se-gitops-ci-specialist.md: sha256:c1381dcc23bf5d75c5e7faa144ccc9c4e578c4191a8383afa3b22243a61210b2
    .claude/agents/se-product-manager-advisor.md: sha256:7157b3639273db8b9aa4b6b6d301e164d229ee4b124d81825d8252981e2ce11f
    .claude/agents/se-responsible-ai-code.md: sha256:1613b07901815aaf65f446b47aabd28f01ea99659ceb190e6f8013f2f6de9a9d
    .claude/agents/se-security-reviewer.md: sha256:98065e5c9a8079dd902fd3454467674c97d27f8818824aad0a12db6b7d5c8516
    .claude/agents/se-system-architecture-reviewer.md: sha256:4470afea63bdb5f73c29438269686c2197a6e36730dc850f87c977b3077bf981
    .claude/agents/se-technical-writer.md: sha256:bd414b4af2bb7423f59361fc03c22b9d63347d448a2e5f52ffece68d6168ae1b
    .claude/agents/se-ux-ui-designer.md: sha256:8bd92d41f54d2e09a9e3f1e0ea08944b03a9e5d74eb3a7de805eaf8ebf63ce0f
    .github/agents/se-gitops-ci-specialist.agent.md: sha256:c1381dcc23bf5d75c5e7faa144ccc9c4e578c4191a8383afa3b22243a61210b2
    .github/agents/se-product-manager-advisor.agent.md: sha256:7157b3639273db8b9aa4b6b6d301e164d229ee4b124d81825d8252981e2ce11f
    .github/agents/se-responsible-ai-code.agent.md: sha256:1613b07901815aaf65f446b47aabd28f01ea99659ceb190e6f8013f2f6de9a9d
    .github/agents/se-security-reviewer.agent.md: sha256:98065e5c9a8079dd902fd3454467674c97d27f8818824aad0a12db6b7d5c8516
    .github/agents/se-system-architecture-reviewer.agent.md: sha256:4470afea63bdb5f73c29438269686c2197a6e36730dc850f87c977b3077bf981
    .github/agents/se-technical-writer.agent.md: sha256:bd414b4af2bb7423f59361fc03c22b9d63347d448a2e5f52ffece68d6168ae1b
    .github/agents/se-ux-ui-designer.agent.md: sha256:8bd92d41f54d2e09a9e3f1e0ea08944b03a9e5d74eb3a7de805eaf8ebf63ce0f
  content_hash: sha256:52769ccc6f141765a48d451cbb0974eb0f296fa8aa7021e49d7570a5e3681cec
  discovered_via: awesome-copilot
  marketplace_plugin_name: software-engineering-team
- repo_url: github/awesome-copilot
  host: github.com
  resolved_commit: 63d08d51f792d53feec8c1c06897cee870e83c18
  virtual_path: plugins/doublecheck
  is_virtual: true
  package_type: apm_package
  deployed_files:
  - .claude/agents/doublecheck.md
  - .claude/skills/doublecheck
  - .github/agents/doublecheck.agent.md
  - .github/skills/doublecheck
  deployed_file_hashes:
    .claude/agents/doublecheck.md: sha256:9fe2fa59b648b5c7fb00a29c1e45fb8ce27db0be6898291eb9ca6929d1f3637b
    .github/agents/doublecheck.agent.md: sha256:9fe2fa59b648b5c7fb00a29c1e45fb8ce27db0be6898291eb9ca6929d1f3637b
  content_hash: sha256:3bdf4770d48d9a2236cb8e70579b8e443640aa11d4a139f94f7fe7ffc0f2fa63
  discovered_via: awesome-copilot
  marketplace_plugin_name: doublecheck
- repo_url: github/awesome-copilot
  host: github.com
  resolved_commit: 63d08d51f792d53feec8c1c06897cee870e83c18
  virtual_path: plugins/devops-oncall
  is_virtual: true
  package_type: apm_package
  deployed_files:
  - .claude/agents/azure-principal-architect.md
  - .claude/skills/azure-resource-health-diagnose
  - .claude/skills/multi-stage-dockerfile
  - .github/agents/azure-principal-architect.agent.md
  - .github/skills/azure-resource-health-diagnose
  - .github/skills/multi-stage-dockerfile
  deployed_file_hashes:
    .claude/agents/azure-principal-architect.md: sha256:3b1a3cdd67690ea74ebc563300385419a52f2949052b3084e8df4288879eb45f
    .github/agents/azure-principal-architect.agent.md: sha256:3b1a3cdd67690ea74ebc563300385419a52f2949052b3084e8df4288879eb45f
  content_hash: sha256:d73f3fcea777f3fc69b94a585d57efe3d4a84105cdad3a8f42b5ec6b4152c11a
  discovered_via: awesome-copilot
  marketplace_plugin_name: devops-oncall
- repo_url: github/awesome-copilot
  host: github.com
  resolved_commit: 63d08d51f792d53feec8c1c06897cee870e83c18
  virtual_path: plugins/gem-team
  is_virtual: true
  package_type: apm_package
  deployed_files:
  - .claude/agents/gem-browser-tester.md
  - .claude/agents/gem-code-simplifier.md
  - .claude/agents/gem-critic.md
  - .claude/agents/gem-debugger.md
  - .claude/agents/gem-designer-mobile.md
  - .claude/agents/gem-designer.md
  - .claude/agents/gem-devops.md
  - .claude/agents/gem-documentation-writer.md
  - .claude/agents/gem-implementer-mobile.md
  - .claude/agents/gem-implementer.md
  - .claude/agents/gem-mobile-tester.md
  - .claude/agents/gem-orchestrator.md
  - .claude/agents/gem-planner.md
  - .claude/agents/gem-researcher.md
  - .claude/agents/gem-reviewer.md
  - .github/agents/gem-browser-tester.agent.md
  - .github/agents/gem-code-simplifier.agent.md
  - .github/agents/gem-critic.agent.md
  - .github/agents/gem-debugger.agent.md
  - .github/agents/gem-designer-mobile.agent.md
  - .github/agents/gem-designer.agent.md
  - .github/agents/gem-devops.agent.md
  - .github/agents/gem-documentation-writer.agent.md
  - .github/agents/gem-implementer-mobile.agent.md
  - .github/agents/gem-implementer.agent.md
  - .github/agents/gem-mobile-tester.agent.md
  - .github/agents/gem-orchestrator.agent.md
  - .github/agents/gem-planner.agent.md
  - .github/agents/gem-researcher.agent.md
  - .github/agents/gem-reviewer.agent.md
  deployed_file_hashes:
    .claude/agents/gem-browser-tester.md: sha256:7ea44ea868ead997a3d58ebc8e3b429bb9e1ed93c94e695e04f16596804941c9
    .claude/agents/gem-code-simplifier.md: sha256:e8be210a4d7df864b7e21b9065bb62d4dac0f712416bab2b4afd3ce73e0ea22e
    .claude/agents/gem-critic.md: sha256:52843936822bf974a2ef0db9b02b58fdfc46e87901cb8bb6dbf3f52f479d07c7
    .claude/agents/gem-debugger.md: sha256:714f350f2f3b4ed0eae0828a3a2742810518a366114196da413af81b271c82ab
    .claude/agents/gem-designer-mobile.md: sha256:b747f6fb41236fc1210b5929411008b1568adcb8beba7267c50b4ab1ace8921c
    .claude/agents/gem-designer.md: sha256:9e39924a3030da73bafb3c1b0f44794a8b2cf9c8f2b7703b6e320d15aa97876b
    .claude/agents/gem-devops.md: sha256:3baa97c7e505795f9c3fa34606677b8c6c974c563e191002e9eaed3af4635eaf
    .claude/agents/gem-documentation-writer.md: sha256:8c3ca9730023357bff8bac73a9289c8d05e0d5440b0db3772e98542f87c00cbf
    .claude/agents/gem-implementer-mobile.md: sha256:b41e7d6580060b8a2ac43318d087d065532f8b8c6f39e105572745e6f90cc34a
    .claude/agents/gem-implementer.md: sha256:6a13602e7b60e224bb9b5ecbbc47a5e08434aa6895b69fa58c9d91b9208b3d12
    .claude/agents/gem-mobile-tester.md: sha256:5c8e3ccddfee00e94b17ff38c9165f0bb852b2e3f1ca8c710907f83cc79360fb
    .claude/agents/gem-orchestrator.md: sha256:399761953079249af8327b6f2af5afdc3fde57e9ef823be0f937f80b9737a711
    .claude/agents/gem-planner.md: sha256:a150543741fdef021abc1d9655359342116d6e02cb41d76cf44de35d1ab0383f
    .claude/agents/gem-researcher.md: sha256:773ab3a56f82b8b18d48046d094d81d3597154169f49357fedabd6d4500587b7
    .claude/agents/gem-reviewer.md: sha256:2628388d93c7ebeeaa986205d1ab24c8acc37f345c9063199d96d9d7600ac618
    .github/agents/gem-browser-tester.agent.md: sha256:7ea44ea868ead997a3d58ebc8e3b429bb9e1ed93c94e695e04f16596804941c9
    .github/agents/gem-code-simplifier.agent.md: sha256:e8be210a4d7df864b7e21b9065bb62d4dac0f712416bab2b4afd3ce73e0ea22e
    .github/agents/gem-critic.agent.md: sha256:52843936822bf974a2ef0db9b02b58fdfc46e87901cb8bb6dbf3f52f479d07c7
    .github/agents/gem-debugger.agent.md: sha256:714f350f2f3b4ed0eae0828a3a2742810518a366114196da413af81b271c82ab
    .github/agents/gem-designer-mobile.agent.md: sha256:b747f6fb41236fc1210b5929411008b1568adcb8beba7267c50b4ab1ace8921c
    .github/agents/gem-designer.agent.md: sha256:9e39924a3030da73bafb3c1b0f44794a8b2cf9c8f2b7703b6e320d15aa97876b
    .github/agents/gem-devops.agent.md: sha256:3baa97c7e505795f9c3fa34606677b8c6c974c563e191002e9eaed3af4635eaf
    .github/agents/gem-documentation-writer.agent.md: sha256:8c3ca9730023357bff8bac73a9289c8d05e0d5440b0db3772e98542f87c00cbf
    .github/agents/gem-implementer-mobile.agent.md: sha256:b41e7d6580060b8a2ac43318d087d065532f8b8c6f39e105572745e6f90cc34a
    .github/agents/gem-implementer.agent.md: sha256:6a13602e7b60e224bb9b5ecbbc47a5e08434aa6895b69fa58c9d91b9208b3d12
    .github/agents/gem-mobile-tester.agent.md: sha256:5c8e3ccddfee00e94b17ff38c9165f0bb852b2e3f1ca8c710907f83cc79360fb
    .github/agents/gem-orchestrator.agent.md: sha256:399761953079249af8327b6f2af5afdc3fde57e9ef823be0f937f80b9737a711
    .github/agents/gem-planner.agent.md: sha256:a150543741fdef021abc1d9655359342116d6e02cb41d76cf44de35d1ab0383f
    .github/agents/gem-researcher.agent.md: sha256:773ab3a56f82b8b18d48046d094d81d3597154169f49357fedabd6d4500587b7
    .github/agents/gem-reviewer.agent.md: sha256:2628388d93c7ebeeaa986205d1ab24c8acc37f345c9063199d96d9d7600ac618
  content_hash: sha256:87059e56e0c26f50bd47abbea0a211f042627cf56c0c7eb96bbc56fd8337f44d
  discovered_via: awesome-copilot
  marketplace_plugin_name: gem-team
- repo_url: github/awesome-copilot
  host: github.com
  resolved_commit: 63d08d51f792d53feec8c1c06897cee870e83c18
  virtual_path: plugins/polyglot-test-agent
  is_virtual: true
  package_type: apm_package
  deployed_files:
  - .claude/agents/polyglot-test-builder.md
  - .claude/agents/polyglot-test-fixer.md
  - .claude/agents/polyglot-test-generator.md
  - .claude/agents/polyglot-test-implementer.md
  - .claude/agents/polyglot-test-linter.md
  - .claude/agents/polyglot-test-planner.md
  - .claude/agents/polyglot-test-researcher.md
  - .claude/agents/polyglot-test-tester.md
  - .claude/skills/polyglot-test-agent
  - .github/agents/polyglot-test-builder.agent.md
  - .github/agents/polyglot-test-fixer.agent.md
  - .github/agents/polyglot-test-generator.agent.md
  - .github/agents/polyglot-test-implementer.agent.md
  - .github/agents/polyglot-test-linter.agent.md
  - .github/agents/polyglot-test-planner.agent.md
  - .github/agents/polyglot-test-researcher.agent.md
  - .github/agents/polyglot-test-tester.agent.md
  - .github/skills/polyglot-test-agent
  deployed_file_hashes:
    .claude/agents/polyglot-test-builder.md: sha256:d1c8224c942989cdc90d1b0da5972df3c6953907e30967bf204232be605495bd
    .claude/agents/polyglot-test-fixer.md: sha256:743a6f46db60b984946180650d9b4ef725d78733409d062ad7dc8df3f5c536d6
    .claude/agents/polyglot-test-generator.md: sha256:d9facc470aa8fe8792d9e3dbf8f9b2bd1b18de2250f7acc6f91bae263f09d754
    .claude/agents/polyglot-test-implementer.md: sha256:86663a2d1478960d839ffba0a4db616d1be1d749757772d493128bf5cebcdfce
    .claude/agents/polyglot-test-linter.md: sha256:1e2d2973cc5b43530ec7ebfd0bd88749e98ab39c83f0d431e88aa2a1e62e833a
    .claude/agents/polyglot-test-planner.md: sha256:18337cbe4c71c8a52b722503ca4a9995d3e39ef0bf6d1e843ec0e8aefc1db730
    .claude/agents/polyglot-test-researcher.md: sha256:809c7380ef1a6d8d3ba03d859b06b5b66a4d328f8de5b13f14d4dcbefcd9032b
    .claude/agents/polyglot-test-tester.md: sha256:b22cd2cc5b8362c1b8bbd7fd9e460a47bc46501af9aa8bb722d6e754edf9fd70
    .github/agents/polyglot-test-builder.agent.md: sha256:d1c8224c942989cdc90d1b0da5972df3c6953907e30967bf204232be605495bd
    .github/agents/polyglot-test-fixer.agent.md: sha256:743a6f46db60b984946180650d9b4ef725d78733409d062ad7dc8df3f5c536d6
    .github/agents/polyglot-test-generator.agent.md: sha256:d9facc470aa8fe8792d9e3dbf8f9b2bd1b18de2250f7acc6f91bae263f09d754
    .github/agents/polyglot-test-implementer.agent.md: sha256:86663a2d1478960d839ffba0a4db616d1be1d749757772d493128bf5cebcdfce
    .github/agents/polyglot-test-linter.agent.md: sha256:1e2d2973cc5b43530ec7ebfd0bd88749e98ab39c83f0d431e88aa2a1e62e833a
    .github/agents/polyglot-test-planner.agent.md: sha256:18337cbe4c71c8a52b722503ca4a9995d3e39ef0bf6d1e843ec0e8aefc1db730
    .github/agents/polyglot-test-researcher.agent.md: sha256:809c7380ef1a6d8d3ba03d859b06b5b66a4d328f8de5b13f14d4dcbefcd9032b
    .github/agents/polyglot-test-tester.agent.md: sha256:b22cd2cc5b8362c1b8bbd7fd9e460a47bc46501af9aa8bb722d6e754edf9fd70
  content_hash: sha256:dc61318f3fc79ef56899887dd369a2c39b62180f1cd62fe9a97e5a7025242d3d
  discovered_via: awesome-copilot
  marketplace_plugin_name: polyglot-test-agent
- repo_url: github/awesome-copilot
  host: github.com
  resolved_commit: 63d08d51f792d53feec8c1c06897cee870e83c18
  virtual_path: plugins/python-mcp-development
  is_virtual: true
  package_type: apm_package
  deployed_files:
  - .claude/agents/python-mcp-expert.md
  - .claude/skills/python-mcp-server-generator
  - .github/agents/python-mcp-expert.agent.md
  - .github/skills/python-mcp-server-generator
  deployed_file_hashes:
    .claude/agents/python-mcp-expert.md: sha256:b0466fda32548904bfe739bfc0a76177590b0a475313f79f704bbfb80120d36b
    .github/agents/python-mcp-expert.agent.md: sha256:b0466fda32548904bfe739bfc0a76177590b0a475313f79f704bbfb80120d36b
  content_hash: sha256:4eb7882d1b2ae89a23e29e267f3284c8cf3fd918c139d4c51f90669a7c81438d
  discovered_via: awesome-copilot
  marketplace_plugin_name: python-mcp-development
- repo_url: github/awesome-copilot
  host: github.com
  resolved_commit: 63d08d51f792d53feec8c1c06897cee870e83c18
  virtual_path: plugins/phoenix
  is_virtual: true
  package_type: apm_package
  deployed_files:
  - .claude/skills/phoenix-cli
  - .claude/skills/phoenix-evals
  - .claude/skills/phoenix-tracing
  - .github/skills/phoenix-cli
  - .github/skills/phoenix-evals
  - .github/skills/phoenix-tracing
  content_hash: sha256:7bfd44530f46312747b7573484aaa5f733792376312c53d60661d8ff31c9167d
  discovered_via: awesome-copilot
  marketplace_plugin_name: phoenix
- repo_url: github/awesome-copilot
  host: github.com
  resolved_commit: 63d08d51f792d53feec8c1c06897cee870e83c18
  virtual_path: plugins/structured-autonomy
  is_virtual: true
  package_type: apm_package
  deployed_files:
  - .claude/skills/structured-autonomy-generate
  - .claude/skills/structured-autonomy-implement
  - .claude/skills/structured-autonomy-plan
  - .github/skills/structured-autonomy-generate
  - .github/skills/structured-autonomy-implement
  - .github/skills/structured-autonomy-plan
  content_hash: sha256:ef1c8ab8d5e799da0279949765909f56acd57fc7c4e666d6995d607094af00d7
  discovered_via: awesome-copilot
  marketplace_plugin_name: structured-autonomy
- repo_url: github/awesome-copilot
  host: github.com
  resolved_commit: 63d08d51f792d53feec8c1c06897cee870e83c18
  virtual_path: plugins/technical-spike
  is_virtual: true
  package_type: apm_package
  deployed_files:
  - .claude/agents/research-technical-spike.md
  - .claude/skills/create-technical-spike
  - .github/agents/research-technical-spike.agent.md
  - .github/skills/create-technical-spike
  deployed_file_hashes:
    .claude/agents/research-technical-spike.md: sha256:b80e5a4585aaa1f0f1dad07e0929c7db6ad56264654e7a1da70d70c452a94758
    .github/agents/research-technical-spike.agent.md: sha256:b80e5a4585aaa1f0f1dad07e0929c7db6ad56264654e7a1da70d70c452a94758
  content_hash: sha256:15c4f849ab0218c953da8571a1728e95e1896627776e56b934792de85ccbbdd1
  discovered_via: awesome-copilot
  marketplace_plugin_name: technical-spike
- repo_url: github/awesome-copilot
  host: github.com
  resolved_commit: 63d08d51f792d53feec8c1c06897cee870e83c18
  virtual_path: plugins/testing-automation
  is_virtual: true
  package_type: apm_package
  deployed_files:
  - .claude/agents/playwright-tester.md
  - .claude/agents/tdd-green.md
  - .claude/agents/tdd-red.md
  - .claude/agents/tdd-refactor.md
  - .claude/skills/ai-prompt-engineering-safety-review
  - .claude/skills/csharp-nunit
  - .claude/skills/java-junit
  - .claude/skills/playwright-explore-website
  - .claude/skills/playwright-generate-test
  - .github/agents/playwright-tester.agent.md
  - .github/agents/tdd-green.agent.md
  - .github/agents/tdd-red.agent.md
  - .github/agents/tdd-refactor.agent.md
  - .github/skills/ai-prompt-engineering-safety-review
  - .github/skills/csharp-nunit
  - .github/skills/java-junit
  - .github/skills/playwright-explore-website
  - .github/skills/playwright-generate-test
  deployed_file_hashes:
    .claude/agents/playwright-tester.md: sha256:ee22d0984454f3525757d7be7f105be6a4ef79a3eeaff2382c1567351fd450ad
    .claude/agents/tdd-green.md: sha256:9a5b6157bf744a3e3a440e445e57f35819dd89180879433b819d854d1b74a39e
    .claude/agents/tdd-red.md: sha256:92b362b0ee93e3804ecddb1410555032248e7bca965ab8190b29bdaee750bf8c
    .claude/agents/tdd-refactor.md: sha256:be7739d54d3b9f3ce321e65ece684e4297dd65061cc3b9163a30638fceb80eb1
    .github/agents/playwright-tester.agent.md: sha256:ee22d0984454f3525757d7be7f105be6a4ef79a3eeaff2382c1567351fd450ad
    .github/agents/tdd-green.agent.md: sha256:9a5b6157bf744a3e3a440e445e57f35819dd89180879433b819d854d1b74a39e
    .github/agents/tdd-red.agent.md: sha256:92b362b0ee93e3804ecddb1410555032248e7bca965ab8190b29bdaee750bf8c
    .github/agents/tdd-refactor.agent.md: sha256:be7739d54d3b9f3ce321e65ece684e4297dd65061cc3b9163a30638fceb80eb1
  content_hash: sha256:f3bace5d09b464562cf27f143b4f4b851075d44ffc51c5d2062d6d0e21efc391
  discovered_via: awesome-copilot
  marketplace_plugin_name: testing-automation
- repo_url: github/awesome-copilot
  host: github.com
  resolved_commit: 63d08d51f792d53feec8c1c06897cee870e83c18
  virtual_path: plugins/arize-ax
  is_virtual: true
  package_type: apm_package
  deployed_files:
  - .claude/skills/arize-ai-provider-integration
  - .claude/skills/arize-annotation
  - .claude/skills/arize-dataset
  - .claude/skills/arize-evaluator
  - .claude/skills/arize-experiment
  - .claude/skills/arize-instrumentation
  - .claude/skills/arize-link
  - .claude/skills/arize-prompt-optimization
  - .claude/skills/arize-trace
  - .github/skills/arize-ai-provider-integration
  - .github/skills/arize-annotation
  - .github/skills/arize-dataset
  - .github/skills/arize-evaluator
  - .github/skills/arize-experiment
  - .github/skills/arize-instrumentation
  - .github/skills/arize-link
  - .github/skills/arize-prompt-optimization
  - .github/skills/arize-trace
  content_hash: sha256:1bc5c10411f044eef4276bc3e61724ce92878060197b4dad25ab7f98d3044c91
  discovered_via: awesome-copilot
  marketplace_plugin_name: arize-ax
